
Microsoft Visual Studio Solution File, Format Version 12.00
# Visual Studio Version 16
VisualStudioVersion = 16.0.30523.141
MinimumVisualStudioVersion = 10.0.40219.1
Project("{FAE04EC0-301F-11D3-BF4B-00C04F79EFBC}") = "NBA", "NBA\NBA.csproj", "{B957919C-433B-447B-82B9-D5A14539A34D}"
EndProject
Global
	GlobalSection(SolutionConfigurationPlatforms) = preSolution
		Debug|Any CPU = Debug|Any CPU
		Release|Any CPU = Release|Any CPU
	EndGlobalSection
	GlobalSection(ProjectConfigurationPlatforms) = postSolution
		{B957919C-433B-447B-82B9-D5A14539A34D}.Debug|Any CPU.ActiveCfg = Debug|Any CPU
		{B957919C-433B-447B-82B9-D5A14539A34D}.Debug|Any CPU.Build.0 = Debug|Any CPU
		{B957919C-433B-447B-82B9-D5A14539A34D}.Release|Any CPU.ActiveCfg = Release|Any CPU
		{B957919C-433B-447B-82B9-D5A14539A34D}.Release|Any CPU.Build.0 = Release|Any CPU
	EndGlobalSection
	GlobalSection(SolutionProperties) = preSolution
		HideSolutionNode = FALSE
	EndGlobalSection
	GlobalSection(ExtensibilityGlobals) = postSolution
		SolutionGuid = {70092ED1-8EF2-4BE1-B3F4-935DBCF23D63}
	EndGlobalSection
EndGlobal
