
Microsoft Visual Studio Solution File, Format Version 12.00
# Visual Studio Version 16
VisualStudioVersion = 16.0.30523.141
MinimumVisualStudioVersion = 10.0.40219.1
Project("{FAE04EC0-301F-11D3-BF4B-00C04F79EFBC}") = "NationalBasketballAssociation", "NationalBasketballAssociation\NationalBasketballAssociation.csproj", "{B40395C9-8E49-41AD-8CF8-8B9D15D2D766}"
EndProject
Global
	GlobalSection(SolutionConfigurationPlatforms) = preSolution
		Debug|Any CPU = Debug|Any CPU
		Release|Any CPU = Release|Any CPU
	EndGlobalSection
	GlobalSection(ProjectConfigurationPlatforms) = postSolution
		{B40395C9-8E49-41AD-8CF8-8B9D15D2D766}.Debug|Any CPU.ActiveCfg = Debug|Any CPU
		{B40395C9-8E49-41AD-8CF8-8B9D15D2D766}.Debug|Any CPU.Build.0 = Debug|Any CPU
		{B40395C9-8E49-41AD-8CF8-8B9D15D2D766}.Release|Any CPU.ActiveCfg = Release|Any CPU
		{B40395C9-8E49-41AD-8CF8-8B9D15D2D766}.Release|Any CPU.Build.0 = Release|Any CPU
	EndGlobalSection
	GlobalSection(SolutionProperties) = preSolution
		HideSolutionNode = FALSE
	EndGlobalSection
	GlobalSection(ExtensibilityGlobals) = postSolution
		SolutionGuid = {DCDEDFEF-2C1E-4E2C-8740-3539DDD791FE}
	EndGlobalSection
EndGlobal
